version = 1
revision = 3
requires-python = ">=3.12"

[[package]]
name = "cmake"
version = "4.3.1"
source = { registry = "https://pypi.org/simple" }
sdist = { url = "https://files.pythonhosted.org/packages/40/72/c295e190193af5f41d583517db1ca1cf43eaa2af8140856dca114fa6486d/cmake-4.3.1.tar.gz", hash = "sha256:6fe523413cdd2568a19a6ec297b8f869a95a3f8edaf0dd73731b81412216e00e", size = 36968, upload-time = "2026-03-31T21:02:08.594Z" }
wheels = [
    { url = "https://files.pythonhosted.org/packages/43/07/05be57c389f8f0c3d0d7b878685ec1eed863b77787d65584c9399e294531/cmake-4.3.1-py3-none-macosx_10_10_universal2.whl", hash = "sha256:976337df534f4eea6b100a7af39f9a7a538aa5fd65b7d770cf2a07907439dca8", size = 52555201, upload-time = "2026-03-28T15:28:10.956Z" },
    { url = "https://files.pythonhosted.org/packages/9b/80/09c381519855d53a5cce0e5e10e184f9e89caf6a6f1f7d7b42c17bd68d2e/cmake-4.3.1-py3-none-manylinux2014_aarch64.manylinux_2_17_aarch64.whl", hash = "sha256:bb7b7ef74beb69c099c39d7f151cfc94256bba1b75354e48ea87d6bf0dcb3007", size = 29569639, upload-time = "2026-03-28T15:28:14.368Z" },
    { url = "https://files.pythonhosted.org/packages/d6/0d/eab407c3592442711584d09bef5de17df93f39ea69baaa310c4564436177/cmake-4.3.1-py3-none-manylinux2014_i686.manylinux_2_17_i686.whl", hash = "sha256:8874aac9fbd07d71c506fcaf57255ff2cc015a15ea44146c0d1e694843d5e312", size = 30668021, upload-time = "2026-03-28T15:28:17.284Z" },
    { url = "https://files.pythonhosted.org/packages/ed/de/c7f487b21b33918c0af1dabfdf8d858799e01d62c2bd139fc871b86b21a2/cmake-4.3.1-py3-none-manylinux2014_ppc64le.manylinux_2_17_ppc64le.whl", hash = "sha256:f439501f3f3ecf1dbafbee6226fc6cc680203202ddfe59586357d076c417ae8f", size = 30454909, upload-time = "2026-03-31T21:01:21.595Z" },
    { url = "https://files.pythonhosted.org/packages/c4/9c/2de3a3b5a5983b72c3e2eeaa23a6c8d251ebae79d15cedb9818e708a4caf/cmake-4.3.1-py3-none-manylinux2014_s390x.manylinux_2_17_s390x.whl", hash = "sha256:345f5e4ee783cd7691c6b54a631b43bb0c2efabf45afa64ac9000f9b0885d250", size = 28373243, upload-time = "2026-03-31T21:01:24.896Z" },
    { url = "https://files.pythonhosted.org/packages/87/32/542ed40b3393bced9af073402f75fb6ae3e57d6656cc38a9470942de7b8c/cmake-4.3.1-py3-none-manylinux2014_x86_64.manylinux_2_17_x86_64.whl", hash = "sha256:80fc99c1958dbd926f529448dfcdbb1b176ecf31a8d485a3d68bd469487e8933", size = 29504762, upload-time = "2026-03-31T21:01:28.15Z" },
    { url = "https://files.pythonhosted.org/packages/7f/ec/4f99b7414984d668aaa9c6214df84af689db8756f1536ea81720bb2fef91/cmake-4.3.1-py3-none-manylinux_2_31_armv7l.whl", hash = "sha256:fdb744921ff4739e755faee005b36b97223d2bb8591ebd7b57abb5cf97300925", size = 26620758, upload-time = "2026-03-31T21:01:31.017Z" },
    { url = "https://files.pythonhosted.org/packages/bf/b4/627e18c8acf6219b1c8c521e7d702bca36edab21994992b64e68e1007430/cmake-4.3.1-py3-none-manylinux_2_31_riscv64.whl", hash = "sha256:fdc39eb421177bfa946af3600c797612ee76bfe6daa6036ff8958c504a99937b", size = 26759382, upload-time = "2026-03-31T21:01:33.833Z" },
    { url = "https://files.pythonhosted.org/packages/cc/e1/e3b3dd1c81e72329f1ec3350a02154f74547eab2c1db8270eb2bc344edc1/cmake-4.3.1-py3-none-musllinux_1_2_aarch64.whl", hash = "sha256:8d1d224f9df9e82f154ad31b9798b7b4c0d509a11ccdca695d0ee4d140c30c6d", size = 38584793, upload-time = "2026-03-31T21:01:36.853Z" },
    { url = "https://files.pythonhosted.org/packages/98/3e/7a1ca1992de268fe1284b3738549ea8859f665dec294d584ae9200d66ce6/cmake-4.3.1-py3-none-musllinux_1_2_armv7l.whl", hash = "sha256:056483831febe0934f25959bc74da077b18f23c7a064a0417432447ec27b8fb2", size = 35214335, upload-time = "2026-03-31T21:01:40.857Z" },
    { url = "https://files.pythonhosted.org/packages/16/ce/9b0e79835b674d2680fae7e57d3229abac0765c3d80ddcc6c5c67ec78fd8/cmake-4.3.1-py3-none-musllinux_1_2_i686.whl", hash = "sha256:9567aac26ee7a0594e6b71a8f94e907c7ce957cdeedeca1404504228f2c9885f", size = 41252469, upload-time = "2026-03-31T21:01:44.393Z" },
    { url = "https://files.pythonhosted.org/packages/bf/3a/eb15faf1ce961431017cda585650bd37a259fe53e836eae34263ea3647ab/cmake-4.3.1-py3-none-musllinux_1_2_ppc64le.whl", hash = "sha256:8cadd35606d3e4f9a43173f7236cd8947fb9652fdfb272a916f0600ad169fbf2", size = 40427440, upload-time = "2026-03-31T21:01:47.715Z" },
    { url = "https://files.pythonhosted.org/packages/48/34/b76e2c7aa0c1aa833430a2b4a1caff3f4163b9db7c38d208a4b6e0287d54/cmake-4.3.1-py3-none-musllinux_1_2_riscv64.whl", hash = "sha256:75622c1e7266e60fab9d4f1f4b4dc25f22a4b57e902d9792c39538f46a997269", size = 35482864, upload-time = "2026-03-31T21:01:50.611Z" },
    { url = "https://files.pythonhosted.org/packages/3a/3b/afd7d51aabec951e8881812d9bf1d4c74c1882434e97eb9ed6f097591dd1/cmake-4.3.1-py3-none-musllinux_1_2_s390x.whl", hash = "sha256:e43acaa51bb8fe57a914424edb0efa91eb82d577fb74ecc6ff67da47a1d23524", size = 37712157, upload-time = "2026-03-31T21:01:53.674Z" },
    { url = "https://files.pythonhosted.org/packages/4f/be/6d9c4f0ef5383622c3d7fd508acb531b1cbaee530e7cf4196c415f548131/cmake-4.3.1-py3-none-musllinux_1_2_x86_64.whl", hash = "sha256:e8bc1c42517ed9cb26eb293e720449830940ef7be6dcc101638b9cc65ece98c8", size = 38543688, upload-time = "2026-03-31T21:01:56.785Z" },
    { url = "https://files.pythonhosted.org/packages/3a/49/ca3671c1b6859b5efe5b9f1bebf95cad823d48a3a8f366a72e207a1d7a02/cmake-4.3.1-py3-none-win32.whl", hash = "sha256:cd9058d730da5fa68394c41b26036b18850de494d730a0a85cde51558138b70b", size = 37816372, upload-time = "2026-03-31T21:01:59.873Z" },
    { url = "https://files.pythonhosted.org/packages/2a/2a/a8db7d73a6941e9d4a177011137378b222cd6dcec383f1998f3594c73a0c/cmake-4.3.1-py3-none-win_amd64.whl", hash = "sha256:73fb3851fe760b0395983c5d3dd6da2364b1ce324f8546aee2078d162d96005a", size = 41267090, upload-time = "2026-03-31T21:02:03.04Z" },
    { url = "https://files.pythonhosted.org/packages/9b/be/d62156e55b8a9614f29cd8e576e9bf925ee2b428e43bb0c4f02b5cb97c65/cmake-4.3.1-py3-none-win_arm64.whl", hash = "sha256:86e97fed7c9a61638b08937981fdc9bca9caec9df9c88b87aa0a47442583e02a", size = 39606866, upload-time = "2026-03-31T21:02:05.973Z" },
]

[[package]]
name = "hoja-de-calculo"
version = "0.1.0"
source = { virtual = "." }
dependencies = [
    { name = "cmake" },
    { name = "pybind11" },
    { name = "textual" },
]

[package.metadata]
requires-dist = [
    { name = "cmake", specifier = ">=3.17" },
    { name = "pybind11", specifier = ">=3.0.3" },
    { name = "textual", specifier = ">=0.60.0" },
]

[[package]]
name = "linkify-it-py"
version = "2.1.0"
source = { registry = "https://pypi.org/simple" }
dependencies = [
    { name = "uc-micro-py" },
]
sdist = { url = "https://files.pythonhosted.org/packages/2e/c9/06ea13676ef354f0af6169587ae292d3e2406e212876a413bf9eece4eb23/linkify_it_py-2.1.0.tar.gz", hash = "sha256:43360231720999c10e9328dc3691160e27a718e280673d444c38d7d3aaa3b98b", size = 29158, upload-time = "2026-03-01T07:48:47.683Z" }
wheels = [
    { url = "https://files.pythonhosted.org/packages/b4/de/88b3be5c31b22333b3ca2f6ff1de4e863d8fe45aaea7485f591970ec1d3e/linkify_it_py-2.1.0-py3-none-any.whl", hash = "sha256:0d252c1594ecba2ecedc444053db5d3a9b7ec1b0dd929c8f1d74dce89f86c05e", size = 19878, upload-time = "2026-03-01T07:48:46.098Z" },
]

[[package]]
name = "markdown-it-py"
version = "4.0.0"
source = { registry = "https://pypi.org/simple" }
dependencies = [
    { name = "mdurl" },
]
sdist = { url = "https://files.pythonhosted.org/packages/5b/f5/4ec618ed16cc4f8fb3b701563655a69816155e79e24a17b651541804721d/markdown_it_py-4.0.0.tar.gz", hash = "sha256:cb0a2b4aa34f932c007117b194e945bd74e0ec24133ceb5bac59009cda1cb9f3", size = 73070, upload-time = "2025-08-11T12:57:52.854Z" }
wheels = [
    { url = "https://files.pythonhosted.org/packages/94/54/e7d793b573f298e1c9013b8c4dade17d481164aa517d1d7148619c2cedbf/markdown_it_py-4.0.0-py3-none-any.whl", hash = "sha256:87327c59b172c5011896038353a81343b6754500a08cd7a4973bb48c6d578147", size = 87321, upload-time = "2025-08-11T12:57:51.923Z" },
]

[package.optional-dependencies]
linkify = [
    { name = "linkify-it-py" },
]

[[package]]
name = "mdit-py-plugins"
version = "0.5.0"
source = { registry = "https://pypi.org/simple" }
dependencies = [
    { name = "markdown-it-py" },
]
sdist = { url = "https://files.pythonhosted.org/packages/b2/fd/a756d36c0bfba5f6e39a1cdbdbfdd448dc02692467d83816dff4592a1ebc/mdit_py_plugins-0.5.0.tar.gz", hash = "sha256:f4918cb50119f50446560513a8e311d574ff6aaed72606ddae6d35716fe809c6", size = 44655, upload-time = "2025-08-11T07:25:49.083Z" }
wheels = [
    { url = "https://files.pythonhosted.org/packages/fb/86/dd6e5db36df29e76c7a7699123569a4a18c1623ce68d826ed96c62643cae/mdit_py_plugins-0.5.0-py3-none-any.whl", hash = "sha256:07a08422fc1936a5d26d146759e9155ea466e842f5ab2f7d2266dd084c8dab1f", size = 57205, upload-time = "2025-08-11T07:25:47.597Z" },
]

[[package]]
name = "mdurl"
version = "0.1.2"
source = { registry = "https://pypi.org/simple" }
sdist = { url = "https://files.pythonhosted.org/packages/d6/54/cfe61301667036ec958cb99bd3efefba235e65cdeb9c84d24a8293ba1d90/mdurl-0.1.2.tar.gz", hash = "sha256:bb413d29f5eea38f31dd4754dd7377d4465116fb207585f97bf925588687c1ba", size = 8729, upload-time = "2022-08-14T12:40:10.846Z" }
wheels = [
    { url = "https://files.pythonhosted.org/packages/b3/38/89ba8ad64ae25be8de66a6d463314cf1eb366222074cfda9ee839c56a4b4/mdurl-0.1.2-py3-none-any.whl", hash = "sha256:84008a41e51615a49fc9966191ff91509e3c40b939176e643fd50a5c2196b8f8", size = 9979, upload-time = "2022-08-14T12:40:09.779Z" },
]

[[package]]
name = "platformdirs"
version = "4.9.6"
source = { registry = "https://pypi.org/simple" }
sdist = { url = "https://files.pythonhosted.org/packages/9f/4a/0883b8e3802965322523f0b200ecf33d31f10991d0401162f4b23c698b42/platformdirs-4.9.6.tar.gz", hash = "sha256:3bfa75b0ad0db84096ae777218481852c0ebc6c727b3168c1b9e0118e458cf0a", size = 29400, upload-time = "2026-04-09T00:04:10.812Z" }
wheels = [
    { url = "https://files.pythonhosted.org/packages/75/a6/a0a304dc33b49145b21f4808d763822111e67d1c3a32b524a1baf947b6e1/platformdirs-4.9.6-py3-none-any.whl", hash = "sha256:e61adb1d5e5cb3441b4b7710bea7e4c12250ca49439228cc1021c00dcfac0917", size = 21348, upload-time = "2026-04-09T00:04:09.463Z" },
]

[[package]]
name = "pybind11"
version = "3.0.3"
source = { registry = "https://pypi.org/simple" }
sdist = { url = "https://files.pythonhosted.org/packages/41/50/b83d65efc1914681f5aded4ce37c703408a9bb74829f27f041560ca52ffb/pybind11-3.0.3.tar.gz", hash = "sha256:00471cdb816882c484708bc5dde80815c8c11cea540ab2cc6410f5ddea434755", size = 587814, upload-time = "2026-03-31T23:42:06.481Z" }
wheels = [
    { url = "https://files.pythonhosted.org/packages/ab/87/99f21e9b20899d6dc1bf7544cfe53e5fa17acc21bb267971a540425357d3/pybind11-3.0.3-py3-none-any.whl", hash = "sha256:fb5f8e4a64946b4dcc0451c83a8c384f803bc0a62dd1ba02f199e97dbc9aad4c", size = 313717, upload-time = "2026-03-31T23:42:04.814Z" },
]

[[package]]
name = "pygments"
version = "2.20.0"
source = { registry = "https://pypi.org/simple" }
sdist = { url = "https://files.pythonhosted.org/packages/c3/b2/bc9c9196916376152d655522fdcebac55e66de6603a76a02bca1b6414f6c/pygments-2.20.0.tar.gz", hash = "sha256:6757cd03768053ff99f3039c1a36d6c0aa0b263438fcab17520b30a303a82b5f", size = 4955991, upload-time = "2026-03-29T13:29:33.898Z" }
wheels = [
    { url = "https://files.pythonhosted.org/packages/f4/7e/a72dd26f3b0f4f2bf1dd8923c85f7ceb43172af56d63c7383eb62b332364/pygments-2.20.0-py3-none-any.whl", hash = "sha256:81a9e26dd42fd28a23a2d169d86d7ac03b46e2f8b59ed4698fb4785f946d0176", size = 1231151, upload-time = "2026-03-29T13:29:30.038Z" },
]

[[package]]
name = "rich"
version = "15.0.0"
source = { registry = "https://pypi.org/simple" }
dependencies = [
    { name = "markdown-it-py" },
    { name = "pygments" },
]
sdist = { url = "https://files.pythonhosted.org/packages/c0/8f/0722ca900cc807c13a6a0c696dacf35430f72e0ec571c4275d2371fca3e9/rich-15.0.0.tar.gz", hash = "sha256:edd07a4824c6b40189fb7ac9bc4c52536e9780fbbfbddf6f1e2502c31b068c36", size = 230680, upload-time = "2026-04-12T08:24:00.75Z" }
wheels = [
    { url = "https://files.pythonhosted.org/packages/82/3b/64d4899d73f91ba49a8c18a8ff3f0ea8f1c1d75481760df8c68ef5235bf5/rich-15.0.0-py3-none-any.whl", hash = "sha256:33bd4ef74232fb73fe9279a257718407f169c09b78a87ad3d296f548e27de0bb", size = 310654, upload-time = "2026-04-12T08:24:02.83Z" },
]

[[package]]
name = "textual"
version = "8.2.4"
source = { registry = "https://pypi.org/simple" }
dependencies = [
    { name = "markdown-it-py", extra = ["linkify"] },
    { name = "mdit-py-plugins" },
    { name = "platformdirs" },
    { name = "pygments" },
    { name = "rich" },
    { name = "typing-extensions" },
]
sdist = { url = "https://files.pythonhosted.org/packages/19/89/bec5709fb759f9c784bbcb30b2e3497df3f901691d13c2b864dbf6694a17/textual-8.2.4.tar.gz", hash = "sha256:d4e2b2ddd7157191d00b228592b7c739ea080b7d792fd410f23ca75f05ea76c4", size = 1848933, upload-time = "2026-04-19T04:20:45.845Z" }
wheels = [
    { url = "https://files.pythonhosted.org/packages/5c/32/02932f0d597cdbb34e34bf24266ff0f2cf292ccb3aafc37dd9efcb0cc416/textual-8.2.4-py3-none-any.whl", hash = "sha256:a83bd3f0cc7125ca203845af753f9d6b6be030025ecd1b05cc75ebe645b9c4ba", size = 724390, upload-time = "2026-04-19T04:20:49.968Z" },
]

[[package]]
name = "typing-extensions"
version = "4.15.0"
source = { registry = "https://pypi.org/simple" }
sdist = { url = "https://files.pythonhosted.org/packages/72/94/1a15dd82efb362ac84269196e94cf00f187f7ed21c242792a923cdb1c61f/typing_extensions-4.15.0.tar.gz", hash = "sha256:0cea48d173cc12fa28ecabc3b837ea3cf6f38c6d1136f85cbaaf598984861466", size = 109391, upload-time = "2025-08-25T13:49:26.313Z" }
wheels = [
    { url = "https://files.pythonhosted.org/packages/18/67/36e9267722cc04a6b9f15c7f3441c2363321a3ea07da7ae0c0707beb2a9c/typing_extensions-4.15.0-py3-none-any.whl", hash = "sha256:f0fa19c6845758ab08074a0cfa8b7aecb71c999ca73d62883bc25cc018c4e548", size = 44614, upload-time = "2025-08-25T13:49:24.86Z" },
]

[[package]]
name = "uc-micro-py"
version = "2.0.0"
source = { registry = "https://pypi.org/simple" }
sdist = { url = "https://files.pythonhosted.org/packages/78/67/9a363818028526e2d4579334460df777115bdec1bb77c08f9db88f6389f2/uc_micro_py-2.0.0.tar.gz", hash = "sha256:c53691e495c8db60e16ffc4861a35469b0ba0821fe409a8a7a0a71864d33a811", size = 6611, upload-time = "2026-03-01T06:31:27.526Z" }
wheels = [
    { url = "https://files.pythonhosted.org/packages/61/73/d21edf5b204d1467e06500080a50f79d49ef2b997c79123a536d4a17d97c/uc_micro_py-2.0.0-py3-none-any.whl", hash = "sha256:3603a3859af53e5a39bc7677713c78ea6589ff188d70f4fee165db88e22b242c", size = 6383, upload-time = "2026-03-01T06:31:26.257Z" },
]
